// !$*UTF8*$!
{
	archiveVersion = 1;
	classes = {
	};
	objectVersion = 56;
	objects = {

/* Begin PBXBuildFile section */
		0C7F663229CD04360052DEB9 /* SarsieApp.swift in Sources */ = {isa = PBXBuildFile; fileRef = 0C7F663129CD04360052DEB9 /* SarsieApp.swift */; };
		0C7F663429CD04360052DEB9 /* ContentView.swift in Sources */ = {isa = PBXBuildFile; fileRef = 0C7F663329CD04360052DEB9 /* ContentView.swift */; };
		0C7F663629CD04370052DEB9 /* Assets.xcassets in Resources */ = {isa = PBXBuildFile; fileRef = 0C7F663529CD04370052DEB9 /* Assets.xcassets */; };
		0C7F663929CD04370052DEB9 /* Preview Assets.xcassets in Resources */ = {isa = PBXBuildFile; fileRef = 0C7F663829CD04370052DEB9 /* Preview Assets.xcassets */; };
		0C8858E629F98CD3007B8BF9 /* GraphView.swift in Sources */ = {isa = PBXBuildFile; fileRef = 0C8858E529F98CD3007B8BF9 /* GraphView.swift */; };
		0CD3CBE229E1C78200436D6E /* DataModel.swift in Sources */ = {isa = PBXBuildFile; fileRef = 0CD3CBE129E1C78200436D6E /* DataModel.swift */; };
		0CD3CBF029E1C91100436D6E /* CachedImageManager.swift in Sources */ = {isa = PBXBuildFile; fileRef = 0CD3CBE329E1C91100436D6E /* CachedImageManager.swift */; };
		0CD3CBF129E1C91100436D6E /* PhotoView.swift in Sources */ = {isa = PBXBuildFile; fileRef = 0CD3CBE429E1C91100436D6E /* PhotoView.swift */; };
		0CD3CBF229E1C91100436D6E /* Camera.swift in Sources */ = {isa = PBXBuildFile; fileRef = 0CD3CBE529E1C91100436D6E /* Camera.swift */; };
		0CD3CBF329E1C91100436D6E /* PhotoCollectionView.swift in Sources */ = {isa = PBXBuildFile; fileRef = 0CD3CBE629E1C91100436D6E /* PhotoCollectionView.swift */; };
		0CD3CBF429E1C91100436D6E /* ViewfinderView.swift in Sources */ = {isa = PBXBuildFile; fileRef = 0CD3CBE729E1C91100436D6E /* ViewfinderView.swift */; };
		0CD3CBF529E1C91100436D6E /* PhotoAssetCollection.swift in Sources */ = {isa = PBXBuildFile; fileRef = 0CD3CBE829E1C91100436D6E /* PhotoAssetCollection.swift */; };
		0CD3CBF629E1C91100436D6E /* ThumbnailView.swift in Sources */ = {isa = PBXBuildFile; fileRef = 0CD3CBE929E1C91100436D6E /* ThumbnailView.swift */; };
		0CD3CBF729E1C91100436D6E /* PhotoCollection.swift in Sources */ = {isa = PBXBuildFile; fileRef = 0CD3CBEA29E1C91100436D6E /* PhotoCollection.swift */; };
		0CD3CBF829E1C91100436D6E /* PhotoItemView.swift in Sources */ = {isa = PBXBuildFile; fileRef = 0CD3CBEB29E1C91100436D6E /* PhotoItemView.swift */; };
		0CD3CBF929E1C91100436D6E /* CameraView.swift in Sources */ = {isa = PBXBuildFile; fileRef = 0CD3CBEC29E1C91100436D6E /* CameraView.swift */; };
		0CD3CBFA29E1C91100436D6E /* PhotoLibrary.swift in Sources */ = {isa = PBXBuildFile; fileRef = 0CD3CBED29E1C91100436D6E /* PhotoLibrary.swift */; };
		0CD3CBFB29E1C91100436D6E /* PhotoAsset.swift in Sources */ = {isa = PBXBuildFile; fileRef = 0CD3CBEE29E1C91100436D6E /* PhotoAsset.swift */; };
		0CD3CBFC29E1C91100436D6E /* Preview Content in Resources */ = {isa = PBXBuildFile; fileRef = 0CD3CBEF29E1C91100436D6E /* Preview Content */; };
		0CD7929629E5D1C50097C61C /* Media.xcassets in Resources */ = {isa = PBXBuildFile; fileRef = 0CD7929529E5D1C50097C61C /* Media.xcassets */; };
		0CFD08BF29F818CC00EF99FF /* MeterView.swift in Sources */ = {isa = PBXBuildFile; fileRef = 0CFD08BE29F818CC00EF99FF /* MeterView.swift */; };
/* End PBXBuildFile section */

/* Begin PBXFileReference section */
		0C4AD48929F062AD0073D219 /* Info.plist */ = {isa = PBXFileReference; lastKnownFileType = text.plist; path = Info.plist; sourceTree = "<group>"; };
		0C7F662E29CD04360052DEB9 /* Sarsie.app */ = {isa = PBXFileReference; explicitFileType = wrapper.application; includeInIndex = 0; path = Sarsie.app; sourceTree = BUILT_PRODUCTS_DIR; };
		0C7F663129CD04360052DEB9 /* SarsieApp.swift */ = {isa = PBXFileReference; lastKnownFileType = sourcecode.swift; path = SarsieApp.swift; sourceTree = "<group>"; };
		0C7F663329CD04360052DEB9 /* ContentView.swift */ = {isa = PBXFileReference; lastKnownFileType = sourcecode.swift; path = ContentView.swift; sourceTree = "<group>"; };
		0C7F663529CD04370052DEB9 /* Assets.xcassets */ = {isa = PBXFileReference; lastKnownFileType = folder.assetcatalog; path = Assets.xcassets; sourceTree = "<group>"; };
		0C7F663829CD04370052DEB9 /* Preview Assets.xcassets */ = {isa = PBXFileReference; lastKnownFileType = folder.assetcatalog; path = "Preview Assets.xcassets"; sourceTree = "<group>"; };
		0C8858E529F98CD3007B8BF9 /* GraphView.swift */ = {isa = PBXFileReference; lastKnownFileType = sourcecode.swift; path = GraphView.swift; sourceTree = "<group>"; };
		0CD3CBE129E1C78200436D6E /* DataModel.swift */ = {isa = PBXFileReference; fileEncoding = 4; lastKnownFileType = sourcecode.swift; path = DataModel.swift; sourceTree = "<group>"; };
		0CD3CBE329E1C91100436D6E /* CachedImageManager.swift */ = {isa = PBXFileReference; fileEncoding = 4; lastKnownFileType = sourcecode.swift; path = CachedImageManager.swift; sourceTree = "<group>"; };
		0CD3CBE429E1C91100436D6E /* PhotoView.swift */ = {isa = PBXFileReference; fileEncoding = 4; lastKnownFileType = sourcecode.swift; path = PhotoView.swift; sourceTree = "<group>"; };
		0CD3CBE529E1C91100436D6E /* Camera.swift */ = {isa = PBXFileReference; fileEncoding = 4; lastKnownFileType = sourcecode.swift; path = Camera.swift; sourceTree = "<group>"; };
		0CD3CBE629E1C91100436D6E /* PhotoCollectionView.swift */ = {isa = PBXFileReference; fileEncoding = 4; lastKnownFileType = sourcecode.swift; path = PhotoCollectionView.swift; sourceTree = "<group>"; };
		0CD3CBE729E1C91100436D6E /* ViewfinderView.swift */ = {isa = PBXFileReference; fileEncoding = 4; lastKnownFileType = sourcecode.swift; path = ViewfinderView.swift; sourceTree = "<group>"; };
		0CD3CBE829E1C91100436D6E /* PhotoAssetCollection.swift */ = {isa = PBXFileReference; fileEncoding = 4; lastKnownFileType = sourcecode.swift; path = PhotoAssetCollection.swift; sourceTree = "<group>"; };
		0CD3CBE929E1C91100436D6E /* ThumbnailView.swift */ = {isa = PBXFileReference; fileEncoding = 4; lastKnownFileType = sourcecode.swift; path = ThumbnailView.swift; sourceTree = "<group>"; };
		0CD3CBEA29E1C91100436D6E /* PhotoCollection.swift */ = {isa = PBXFileReference; fileEncoding = 4; lastKnownFileType = sourcecode.swift; path = PhotoCollection.swift; sourceTree = "<group>"; };
		0CD3CBEB29E1C91100436D6E /* PhotoItemView.swift */ = {isa = PBXFileReference; fileEncoding = 4; lastKnownFileType = sourcecode.swift; path = PhotoItemView.swift; sourceTree = "<group>"; };
		0CD3CBEC29E1C91100436D6E /* CameraView.swift */ = {isa = PBXFileReference; fileEncoding = 4; lastKnownFileType = sourcecode.swift; path = CameraView.swift; sourceTree = "<group>"; };
		0CD3CBED29E1C91100436D6E /* PhotoLibrary.swift */ = {isa = PBXFileReference; fileEncoding = 4; lastKnownFileType = sourcecode.swift; path = PhotoLibrary.swift; sourceTree = "<group>"; };
		0CD3CBEE29E1C91100436D6E /* PhotoAsset.swift */ = {isa = PBXFileReference; fileEncoding = 4; lastKnownFileType = sourcecode.swift; path = PhotoAsset.swift; sourceTree = "<group>"; };
		0CD3CBEF29E1C91100436D6E /* Preview Content */ = {isa = PBXFileReference; lastKnownFileType = folder; path = "Preview Content"; sourceTree = "<group>"; };
		0CD7929529E5D1C50097C61C /* Media.xcassets */ = {isa = PBXFileReference; lastKnownFileType = folder.assetcatalog; path = Media.xcassets; sourceTree = "<group>"; };
		0CFD08BE29F818CC00EF99FF /* MeterView.swift */ = {isa = PBXFileReference; lastKnownFileType = sourcecode.swift; path = MeterView.swift; sourceTree = "<group>"; };
/* End PBXFileReference section */

/* Begin PBXFrameworksBuildPhase section */
		0C7F662B29CD04360052DEB9 /* Frameworks */ = {
			isa = PBXFrameworksBuildPhase;
			buildActionMask = 2147483647;
			files = (
			);
			runOnlyForDeploymentPostprocessing = 0;
		};
/* End PBXFrameworksBuildPhase section */

/* Begin PBXGroup section */
		0C7F662529CD04360052DEB9 = {
			isa = PBXGroup;
			children = (
				0C7F663029CD04360052DEB9 /* Sarsie */,
				0C7F662F29CD04360052DEB9 /* Products */,
			);
			sourceTree = "<group>";
		};
		0C7F662F29CD04360052DEB9 /* Products */ = {
			isa = PBXGroup;
			children = (
				0C7F662E29CD04360052DEB9 /* Sarsie.app */,
			);
			name = Products;
			sourceTree = "<group>";
		};
		0C7F663029CD04360052DEB9 /* Sarsie */ = {
			isa = PBXGroup;
			children = (
				0C4AD48929F062AD0073D219 /* Info.plist */,
				0CD3CBE329E1C91100436D6E /* CachedImageManager.swift */,
				0CD3CBE529E1C91100436D6E /* Camera.swift */,
				0CD3CBEC29E1C91100436D6E /* CameraView.swift */,
				0CD3CBEE29E1C91100436D6E /* PhotoAsset.swift */,
				0CD3CBE829E1C91100436D6E /* PhotoAssetCollection.swift */,
				0CD3CBEA29E1C91100436D6E /* PhotoCollection.swift */,
				0CD3CBE629E1C91100436D6E /* PhotoCollectionView.swift */,
				0CD3CBEB29E1C91100436D6E /* PhotoItemView.swift */,
				0CD3CBED29E1C91100436D6E /* PhotoLibrary.swift */,
				0CD3CBE429E1C91100436D6E /* PhotoView.swift */,
				0CD3CBEF29E1C91100436D6E /* Preview Content */,
				0CD3CBE929E1C91100436D6E /* ThumbnailView.swift */,
				0CD3CBE729E1C91100436D6E /* ViewfinderView.swift */,
				0CD3CBE129E1C78200436D6E /* DataModel.swift */,
				0C7F663129CD04360052DEB9 /* SarsieApp.swift */,
				0C7F663329CD04360052DEB9 /* ContentView.swift */,
				0C7F663529CD04370052DEB9 /* Assets.xcassets */,
				0C7F663729CD04370052DEB9 /* Preview Content */,
				0CD7929529E5D1C50097C61C /* Media.xcassets */,
				0CFD08BE29F818CC00EF99FF /* MeterView.swift */,
				0C8858E529F98CD3007B8BF9 /* GraphView.swift */,
			);
			path = Sarsie;
			sourceTree = "<group>";
		};
		0C7F663729CD04370052DEB9 /* Preview Content */ = {
			isa = PBXGroup;
			children = (
				0C7F663829CD04370052DEB9 /* Preview Assets.xcassets */,
			);
			path = "Preview Content";
			sourceTree = "<group>";
		};
/* End PBXGroup section */

/* Begin PBXNativeTarget section */
		0C7F662D29CD04360052DEB9 /* Sarsie */ = {
			isa = PBXNativeTarget;
			buildConfigurationList = 0C7F663C29CD04370052DEB9 /* Build configuration list for PBXNativeTarget "Sarsie" */;
			buildPhases = (
				0C7F662A29CD04360052DEB9 /* Sources */,
				0C7F662B29CD04360052DEB9 /* Frameworks */,
				0C7F662C29CD04360052DEB9 /* Resources */,
			);
			buildRules = (
			);
			dependencies = (
			);
			name = Sarsie;
			productName = Sarsie;
			productReference = 0C7F662E29CD04360052DEB9 /* Sarsie.app */;
			productType = "com.apple.product-type.application";
		};
/* End PBXNativeTarget section */

/* Begin PBXProject section */
		0C7F662629CD04360052DEB9 /* Project object */ = {
			isa = PBXProject;
			attributes = {
				BuildIndependentTargetsInParallel = 1;
				LastSwiftUpdateCheck = 1420;
				LastUpgradeCheck = 1420;
				TargetAttributes = {
					0C7F662D29CD04360052DEB9 = {
						CreatedOnToolsVersion = 14.2;
					};
				};
			};
			buildConfigurationList = 0C7F662929CD04360052DEB9 /* Build configuration list for PBXProject "Sarsie" */;
			compatibilityVersion = "Xcode 14.0";
			developmentRegion = en;
			hasScannedForEncodings = 0;
			knownRegions = (
				en,
				Base,
			);
			mainGroup = 0C7F662529CD04360052DEB9;
			productRefGroup = 0C7F662F29CD04360052DEB9 /* Products */;
			projectDirPath = "";
			projectRoot = "";
			targets = (
				0C7F662D29CD04360052DEB9 /* Sarsie */,
			);
		};
/* End PBXProject section */

/* Begin PBXResourcesBuildPhase section */
		0C7F662C29CD04360052DEB9 /* Resources */ = {
			isa = PBXResourcesBuildPhase;
			buildActionMask = 2147483647;
			files = (
				0CD3CBFC29E1C91100436D6E /* Preview Content in Resources */,
				0C7F663929CD04370052DEB9 /* Preview Assets.xcassets in Resources */,
				0CD7929629E5D1C50097C61C /* Media.xcassets in Resources */,
				0C7F663629CD04370052DEB9 /* Assets.xcassets in Resources */,
			);
			runOnlyForDeploymentPostprocessing = 0;
		};
/* End PBXResourcesBuildPhase section */

/* Begin PBXSourcesBuildPhase section */
		0C7F662A29CD04360052DEB9 /* Sources */ = {
			isa = PBXSourcesBuildPhase;
			buildActionMask = 2147483647;
			files = (
				0C7F663429CD04360052DEB9 /* ContentView.swift in Sources */,
				0CD3CBF029E1C91100436D6E /* CachedImageManager.swift in Sources */,
				0CFD08BF29F818CC00EF99FF /* MeterView.swift in Sources */,
				0CD3CBF929E1C91100436D6E /* CameraView.swift in Sources */,
				0CD3CBFB29E1C91100436D6E /* PhotoAsset.swift in Sources */,
				0CD3CBF229E1C91100436D6E /* Camera.swift in Sources */,
				0CD3CBFA29E1C91100436D6E /* PhotoLibrary.swift in Sources */,
				0CD3CBF329E1C91100436D6E /* PhotoCollectionView.swift in Sources */,
				0C7F663229CD04360052DEB9 /* SarsieApp.swift in Sources */,
				0CD3CBF429E1C91100436D6E /* ViewfinderView.swift in Sources */,
				0CD3CBF829E1C91100436D6E /* PhotoItemView.swift in Sources */,
				0CD3CBF129E1C91100436D6E /* PhotoView.swift in Sources */,
				0CD3CBF729E1C91100436D6E /* PhotoCollection.swift in Sources */,
				0C8858E629F98CD3007B8BF9 /* GraphView.swift in Sources */,
				0CD3CBF629E1C91100436D6E /* ThumbnailView.swift in Sources */,
				0CD3CBF529E1C91100436D6E /* PhotoAssetCollection.swift in Sources */,
				0CD3CBE229E1C78200436D6E /* DataModel.swift in Sources */,
			);
			runOnlyForDeploymentPostprocessing = 0;
		};
/* End PBXSourcesBuildPhase section */

/* Begin XCBuildConfiguration section */
		0C7F663A29CD04370052DEB9 /* Debug */ = {
			isa = XCBuildConfiguration;
			buildSettings = {
				ALWAYS_SEARCH_USER_PATHS = NO;
				CLANG_ANALYZER_NONNULL = YES;
				CLANG_ANALYZER_NUMBER_OBJECT_CONVERSION = YES_AGGRESSIVE;
				CLANG_CXX_LANGUAGE_STANDARD = "gnu++20";
				CLANG_ENABLE_MODULES = YES;
				CLANG_ENABLE_OBJC_ARC = YES;
				CLANG_ENABLE_OBJC_WEAK = YES;
				CLANG_WARN_BLOCK_CAPTURE_AUTORELEASING = YES;
				CLANG_WARN_BOOL_CONVERSION = YES;
				CLANG_WARN_COMMA = YES;
				CLANG_WARN_CONSTANT_CONVERSION = YES;
				CLANG_WARN_DEPRECATED_OBJC_IMPLEMENTATIONS = YES;
				CLANG_WARN_DIRECT_OBJC_ISA_USAGE = YES_ERROR;
				CLANG_WARN_DOCUMENTATION_COMMENTS = YES;
				CLANG_WARN_EMPTY_BODY = YES;
				CLANG_WARN_ENUM_CONVERSION = YES;
				CLANG_WARN_INFINITE_RECURSION = YES;
				CLANG_WARN_INT_CONVERSION = YES;
				CLANG_WARN_NON_LITERAL_NULL_CONVERSION = YES;
				CLANG_WARN_OBJC_IMPLICIT_RETAIN_SELF = YES;
				CLANG_WARN_OBJC_LITERAL_CONVERSION = YES;
				CLANG_WARN_OBJC_ROOT_CLASS = YES_ERROR;
				CLANG_WARN_QUOTED_INCLUDE_IN_FRAMEWORK_HEADER = YES;
				CLANG_WARN_RANGE_LOOP_ANALYSIS = YES;
				CLANG_WARN_STRICT_PROTOTYPES = YES;
				CLANG_WARN_SUSPICIOUS_MOVE = YES;
				CLANG_WARN_UNGUARDED_AVAILABILITY = YES_AGGRESSIVE;
				CLANG_WARN_UNREACHABLE_CODE = YES;
				CLANG_WARN__DUPLICATE_METHOD_MATCH = YES;
				COPY_PHASE_STRIP = NO;
				DEBUG_INFORMATION_FORMAT = dwarf;
				ENABLE_STRICT_OBJC_MSGSEND = YES;
				ENABLE_TESTABILITY = YES;
				GCC_C_LANGUAGE_STANDARD = gnu11;
				GCC_DYNAMIC_NO_PIC = NO;
				GCC_NO_COMMON_BLOCKS = YES;
				GCC_OPTIMIZATION_LEVEL = 0;
				GCC_PREPROCESSOR_DEFINITIONS = (
					"DEBUG=1",
					"$(inherited)",
				);
				GCC_WARN_64_TO_32_BIT_CONVERSION = YES;
				GCC_WARN_ABOUT_RETURN_TYPE = YES_ERROR;
				GCC_WARN_UNDECLARED_SELECTOR = YES;
				GCC_WARN_UNINITIALIZED_AUTOS = YES_AGGRESSIVE;
				GCC_WARN_UNUSED_FUNCTION = YES;
				GCC_WARN_UNUSED_VARIABLE = YES;
				IPHONEOS_DEPLOYMENT_TARGET = 16.2;
				MTL_ENABLE_DEBUG_INFO = INCLUDE_SOURCE;
				MTL_FAST_MATH = YES;
				ONLY_ACTIVE_ARCH = YES;
				SDKROOT = iphoneos;
				SWIFT_ACTIVE_COMPILATION_CONDITIONS = DEBUG;
				SWIFT_OPTIMIZATION_LEVEL = "-Onone";
			};
			name = Debug;
		};
		0C7F663B29CD04370052DEB9 /* Release */ = {
			isa = XCBuildConfiguration;
			buildSettings = {
				ALWAYS_SEARCH_USER_PATHS = NO;
				CLANG_ANALYZER_NONNULL = YES;
				CLANG_ANALYZER_NUMBER_OBJECT_CONVERSION = YES_AGGRESSIVE;
				CLANG_CXX_LANGUAGE_STANDARD = "gnu++20";
				CLANG_ENABLE_MODULES = YES;
				CLANG_ENABLE_OBJC_ARC = YES;
				CLANG_ENABLE_OBJC_WEAK = YES;
				CLANG_WARN_BLOCK_CAPTURE_AUTORELEASING = YES;
				CLANG_WARN_BOOL_CONVERSION = YES;
				CLANG_WARN_COMMA = YES;
				CLANG_WARN_CONSTANT_CONVERSION = YES;
				CLANG_WARN_DEPRECATED_OBJC_IMPLEMENTATIONS = YES;
				CLANG_WARN_DIRECT_OBJC_ISA_USAGE = YES_ERROR;
				CLANG_WARN_DOCUMENTATION_COMMENTS = YES;
				CLANG_WARN_EMPTY_BODY = YES;
				CLANG_WARN_ENUM_CONVERSION = YES;
				CLANG_WARN_INFINITE_RECURSION = YES;
				CLANG_WARN_INT_CONVERSION = YES;
				CLANG_WARN_NON_LITERAL_NULL_CONVERSION = YES;
				CLANG_WARN_OBJC_IMPLICIT_RETAIN_SELF = YES;
				CLANG_WARN_OBJC_LITERAL_CONVERSION = YES;
				CLANG_WARN_OBJC_ROOT_CLASS = YES_ERROR;
				CLANG_WARN_QUOTED_INCLUDE_IN_FRAMEWORK_HEADER = YES;
				CLANG_WARN_RANGE_LOOP_ANALYSIS = YES;
				CLANG_WARN_STRICT_PROTOTYPES = YES;
				CLANG_WARN_SUSPICIOUS_MOVE = YES;
				CLANG_WARN_UNGUARDED_AVAILABILITY = YES_AGGRESSIVE;
				CLANG_WARN_UNREACHABLE_CODE = YES;
				CLANG_WARN__DUPLICATE_METHOD_MATCH = YES;
				COPY_PHASE_STRIP = NO;
				DEBUG_INFORMATION_FORMAT = "dwarf-with-dsym";
				ENABLE_NS_ASSERTIONS = NO;
				ENABLE_STRICT_OBJC_MSGSEND = YES;
				GCC_C_LANGUAGE_STANDARD = gnu11;
				GCC_NO_COMMON_BLOCKS = YES;
				GCC_WARN_64_TO_32_BIT_CONVERSION = YES;
				GCC_WARN_ABOUT_RETURN_TYPE = YES_ERROR;
				GCC_WARN_UNDECLARED_SELECTOR = YES;
				GCC_WARN_UNINITIALIZED_AUTOS = YES_AGGRESSIVE;
				GCC_WARN_UNUSED_FUNCTION = YES;
				GCC_WARN_UNUSED_VARIABLE = YES;
				IPHONEOS_DEPLOYMENT_TARGET = 16.2;
				MTL_ENABLE_DEBUG_INFO = NO;
				MTL_FAST_MATH = YES;
				SDKROOT = iphoneos;
				SWIFT_COMPILATION_MODE = wholemodule;
				SWIFT_OPTIMIZATION_LEVEL = "-O";
				VALIDATE_PRODUCT = YES;
			};
			name = Release;
		};
		0C7F663D29CD04370052DEB9 /* Debug */ = {
			isa = XCBuildConfiguration;
			buildSettings = {
				ASSETCATALOG_COMPILER_APPICON_NAME = AppIcon;
				ASSETCATALOG_COMPILER_GLOBAL_ACCENT_COLOR_NAME = AccentColor;
				CODE_SIGN_STYLE = Automatic;
				CURRENT_PROJECT_VERSION = 1;
				DEVELOPMENT_ASSET_PATHS = "\"Sarsie/Preview Content\"";
				DEVELOPMENT_TEAM = 48Q63RP5WE;
				ENABLE_PREVIEWS = YES;
				GENERATE_INFOPLIST_FILE = YES;
				INFOPLIST_FILE = Sarsie/Info.plist;
				INFOPLIST_KEY_LSApplicationCategoryType = "";
				INFOPLIST_KEY_UIApplicationSceneManifest_Generation = YES;
				INFOPLIST_KEY_UIApplicationSupportsIndirectInputEvents = YES;
				INFOPLIST_KEY_UILaunchScreen_Generation = YES;
				INFOPLIST_KEY_UISupportedInterfaceOrientations_iPad = "UIInterfaceOrientationPortrait UIInterfaceOrientationPortraitUpsideDown UIInterfaceOrientationLandscapeLeft UIInterfaceOrientationLandscapeRight";
				INFOPLIST_KEY_UISupportedInterfaceOrientations_iPhone = "UIInterfaceOrientationPortrait UIInterfaceOrientationLandscapeLeft UIInterfaceOrientationLandscapeRight";
				LD_RUNPATH_SEARCH_PATHS = (
					"$(inherited)",
					"@executable_path/Frameworks",
				);
				MARKETING_VERSION = 1.0;
				PRODUCT_BUNDLE_IDENTIFIER = com.jib.Sarsie;
				PRODUCT_NAME = "$(TARGET_NAME)";
				SWIFT_EMIT_LOC_STRINGS = YES;
				SWIFT_VERSION = 5.0;
				TARGETED_DEVICE_FAMILY = "1,2";
			};
			name = Debug;
		};
		0C7F663E29CD04370052DEB9 /* Release */ = {
			isa = XCBuildConfiguration;
			buildSettings = {
				ASSETCATALOG_COMPILER_APPICON_NAME = AppIcon;
				ASSETCATALOG_COMPILER_GLOBAL_ACCENT_COLOR_NAME = AccentColor;
				CODE_SIGN_STYLE = Automatic;
				CURRENT_PROJECT_VERSION = 1;
				DEVELOPMENT_ASSET_PATHS = "\"Sarsie/Preview Content\"";
				DEVELOPMENT_TEAM = 48Q63RP5WE;
				ENABLE_PREVIEWS = YES;
				GENERATE_INFOPLIST_FILE = YES;
				INFOPLIST_FILE = Sarsie/Info.plist;
				INFOPLIST_KEY_LSApplicationCategoryType = "";
				INFOPLIST_KEY_UIApplicationSceneManifest_Generation = YES;
				INFOPLIST_KEY_UIApplicationSupportsIndirectInputEvents = YES;
				INFOPLIST_KEY_UILaunchScreen_Generation = YES;
				INFOPLIST_KEY_UISupportedInterfaceOrientations_iPad = "UIInterfaceOrientationPortrait UIInterfaceOrientationPortraitUpsideDown UIInterfaceOrientationLandscapeLeft UIInterfaceOrientationLandscapeRight";
				INFOPLIST_KEY_UISupportedInterfaceOrientations_iPhone = "UIInterfaceOrientationPortrait UIInterfaceOrientationLandscapeLeft UIInterfaceOrientationLandscapeRight";
				LD_RUNPATH_SEARCH_PATHS = (
					"$(inherited)",
					"@executable_path/Frameworks",
				);
				MARKETING_VERSION = 1.0;
				PRODUCT_BUNDLE_IDENTIFIER = com.jib.Sarsie;
				PRODUCT_NAME = "$(TARGET_NAME)";
				SWIFT_EMIT_LOC_STRINGS = YES;
				SWIFT_VERSION = 5.0;
				TARGETED_DEVICE_FAMILY = "1,2";
			};
			name = Release;
		};
/* End XCBuildConfiguration section */

/* Begin XCConfigurationList section */
		0C7F662929CD04360052DEB9 /* Build configuration list for PBXProject "Sarsie" */ = {
			isa = XCConfigurationList;
			buildConfigurations = (
				0C7F663A29CD04370052DEB9 /* Debug */,
				0C7F663B29CD04370052DEB9 /* Release */,
			);
			defaultConfigurationIsVisible = 0;
			defaultConfigurationName = Release;
		};
		0C7F663C29CD04370052DEB9 /* Build configuration list for PBXNativeTarget "Sarsie" */ = {
			isa = XCConfigurationList;
			buildConfigurations = (
				0C7F663D29CD04370052DEB9 /* Debug */,
				0C7F663E29CD04370052DEB9 /* Release */,
			);
			defaultConfigurationIsVisible = 0;
			defaultConfigurationName = Release;
		};
/* End XCConfigurationList section */
	};
	rootObject = 0C7F662629CD04360052DEB9 /* Project object */;
}
